
Microsoft Visual Studio Solution File, Format Version 12.00
# Visual Studio Version 17
VisualStudioVersion = 17.10.35013.160
MinimumVisualStudioVersion = 10.0.40219.1
Project("{9A19103F-16F7-4668-BE54-9A1E7A4F7556}") = "HealthNotebook.Api", "HealthNotebook.Api\HealthNotebook.Api.csproj", "{D744645F-7B6B-486E-BB6A-2D3FE418770D}"
EndProject
Project("{9A19103F-16F7-4668-BE54-9A1E7A4F7556}") = "HealthNotebook.Services", "HealthNotebook.Services\HealthNotebook.Services.csproj", "{6BB9F789-F535-4534-A549-996CEAD8CCB2}"
EndProject
Project("{FAE04EC0-301F-11D3-BF4B-00C04F79EFBC}") = "HealthNotebook.Entities", "HealthNotebook.Entities\HealthNotebook.Entities.csproj", "{5F4E017F-40AC-4D15-BAF7-7C57B0A1DC9B}"
EndProject
Global
	GlobalSection(SolutionConfigurationPlatforms) = preSolution
		Debug|Any CPU = Debug|Any CPU
		Release|Any CPU = Release|Any CPU
	EndGlobalSection
	GlobalSection(ProjectConfigurationPlatforms) = postSolution
		{D744645F-7B6B-486E-BB6A-2D3FE418770D}.Debug|Any CPU.ActiveCfg = Debug|Any CPU
		{D744645F-7B6B-486E-BB6A-2D3FE418770D}.Debug|Any CPU.Build.0 = Debug|Any CPU
		{D744645F-7B6B-486E-BB6A-2D3FE418770D}.Release|Any CPU.ActiveCfg = Release|Any CPU
		{D744645F-7B6B-486E-BB6A-2D3FE418770D}.Release|Any CPU.Build.0 = Release|Any CPU
		{6BB9F789-F535-4534-A549-996CEAD8CCB2}.Debug|Any CPU.ActiveCfg = Debug|Any CPU
		{6BB9F789-F535-4534-A549-996CEAD8CCB2}.Debug|Any CPU.Build.0 = Debug|Any CPU
		{6BB9F789-F535-4534-A549-996CEAD8CCB2}.Release|Any CPU.ActiveCfg = Release|Any CPU
		{6BB9F789-F535-4534-A549-996CEAD8CCB2}.Release|Any CPU.Build.0 = Release|Any CPU
		{5F4E017F-40AC-4D15-BAF7-7C57B0A1DC9B}.Debug|Any CPU.ActiveCfg = Debug|Any CPU
		{5F4E017F-40AC-4D15-BAF7-7C57B0A1DC9B}.Debug|Any CPU.Build.0 = Debug|Any CPU
		{5F4E017F-40AC-4D15-BAF7-7C57B0A1DC9B}.Release|Any CPU.ActiveCfg = Release|Any CPU
		{5F4E017F-40AC-4D15-BAF7-7C57B0A1DC9B}.Release|Any CPU.Build.0 = Release|Any CPU
	EndGlobalSection
	GlobalSection(SolutionProperties) = preSolution
		HideSolutionNode = FALSE
	EndGlobalSection
	GlobalSection(ExtensibilityGlobals) = postSolution
		SolutionGuid = {260DA87E-937D-47A2-90A8-8F4A50E8ECEF}
	EndGlobalSection
EndGlobal
